
Microsoft Visual Studio Solution File, Format Version 12.00
# Visual Studio 2013
VisualStudioVersion = 12.0.21005.1
MinimumVisualStudioVersion = 10.0.40219.1
Project("{FAE04EC0-301F-11D3-BF4B-00C04F79EFBC}") = "MasterController", "GeomagicTouchRobotSystem\MasterController.csproj", "{15286692-3DEF-497A-84F4-BA447BDFBAFE}"
EndProject
Project("{FAE04EC0-301F-11D3-BF4B-00C04F79EFBC}") = "Client", "Client\Client.csproj", "{58AC959A-2B9C-482E-A1E2-7A1DBCB28DB3}"
EndProject
Global
	GlobalSection(SolutionConfigurationPlatforms) = preSolution
		Debug|Any CPU = Debug|Any CPU
		Release|Any CPU = Release|Any CPU
	EndGlobalSection
	GlobalSection(ProjectConfigurationPlatforms) = postSolution
		{15286692-3DEF-497A-84F4-BA447BDFBAFE}.Debug|Any CPU.ActiveCfg = Debug|Any CPU
		{15286692-3DEF-497A-84F4-BA447BDFBAFE}.Debug|Any CPU.Build.0 = Debug|Any CPU
		{15286692-3DEF-497A-84F4-BA447BDFBAFE}.Release|Any CPU.ActiveCfg = Release|Any CPU
		{15286692-3DEF-497A-84F4-BA447BDFBAFE}.Release|Any CPU.Build.0 = Release|Any CPU
		{58AC959A-2B9C-482E-A1E2-7A1DBCB28DB3}.Debug|Any CPU.ActiveCfg = Debug|Any CPU
		{58AC959A-2B9C-482E-A1E2-7A1DBCB28DB3}.Debug|Any CPU.Build.0 = Debug|Any CPU
		{58AC959A-2B9C-482E-A1E2-7A1DBCB28DB3}.Release|Any CPU.ActiveCfg = Release|Any CPU
		{58AC959A-2B9C-482E-A1E2-7A1DBCB28DB3}.Release|Any CPU.Build.0 = Release|Any CPU
	EndGlobalSection
	GlobalSection(SolutionProperties) = preSolution
		HideSolutionNode = FALSE
	EndGlobalSection
EndGlobal
